{
  "requires": true,
  "lockfileVersion": 1,
  "dependencies": {
    "@popperjs/core": {
      "version": "2.0.0-rc.2",
      "resolved": "https://registry.npmjs.org/@popperjs/core/-/core-2.0.0-rc.2.tgz",
      "integrity": "sha512-kpYZ8qBwn88A9/Y9ScbHVjKccqxTbQkOIQodQqv2A/0clx/nR+/kO/OKYGd8MTOl5MlFceWUkIeXlGsgRV3Q+w=="
    },
    "jquery": {
      "version": "3.4.1",
      "resolved": "https://registry.npmjs.org/jquery/-/jquery-3.4.1.tgz",
      "integrity": "sha512-36+AdBzCL+y6qjw5Tx7HgzeGCzC81MDDgaUP8ld2zhx58HdqXGoBd+tHdrBMiyjGQs0Hxs/MLZTu/eHNJJuWPw=="
    }
  }
}
